Microsoft Visual Studio Solution File, Format Version 12.00
# Visual Studio Version 17
VisualStudioVersion = 17.5.2.0
MinimumVisualStudioVersion = 10.0.40219.1
Project("{FAE04EC0-301F-11D3-BF4B-00C04F79EFBC}") = "LibraryMS.Domain", "LibararyMS.Domain\LibraryMS.Domain.csproj", "{7792E296-4AB1-B94A-0826-585E67D4BC5C}"
EndProject
Project("{FAE04EC0-301F-11D3-BF4B-00C04F79EFBC}") = "LibraryMS.Presentation", "LibarayMS.Presentation\LibraryMS.Presentation.csproj", "{34D8369A-A275-8797-078A-13B7EA6AD248}"
EndProject
Project("{FAE04EC0-301F-11D3-BF4B-00C04F79EFBC}") = "LibraryMS.Application", "LibraryMS.Application\LibraryMS.Application.csproj", "{B19854D5-491E-76F4-D6EC-6E7BD6302123}"
EndProject
Project("{FAE04EC0-301F-11D3-BF4B-00C04F79EFBC}") = "LibraryMS.Infrastructure", "LibraryMS.Infrastructure\LibraryMS.Infrastructure.csproj", "{89E2D192-4A35-1B0B-805B-0D277B57A42C}"
EndProject
Global
	GlobalSection(SolutionConfigurationPlatforms) = preSolution
		Debug|Any CPU = Debug|Any CPU
		Release|Any CPU = Release|Any CPU
	EndGlobalSection
	GlobalSection(ProjectConfigurationPlatforms) = postSolution
		{7792E296-4AB1-B94A-0826-585E67D4BC5C}.Debug|Any CPU.ActiveCfg = Debug|Any CPU
		{7792E296-4AB1-B94A-0826-585E67D4BC5C}.Debug|Any CPU.Build.0 = Debug|Any CPU
		{7792E296-4AB1-B94A-0826-585E67D4BC5C}.Release|Any CPU.ActiveCfg = Release|Any CPU
		{7792E296-4AB1-B94A-0826-585E67D4BC5C}.Release|Any CPU.Build.0 = Release|Any CPU
		{34D8369A-A275-8797-078A-13B7EA6AD248}.Debug|Any CPU.ActiveCfg = Debug|Any CPU
		{34D8369A-A275-8797-078A-13B7EA6AD248}.Debug|Any CPU.Build.0 = Debug|Any CPU
		{34D8369A-A275-8797-078A-13B7EA6AD248}.Release|Any CPU.ActiveCfg = Release|Any CPU
		{34D8369A-A275-8797-078A-13B7EA6AD248}.Release|Any CPU.Build.0 = Release|Any CPU
		{B19854D5-491E-76F4-D6EC-6E7BD6302123}.Debug|Any CPU.ActiveCfg = Debug|Any CPU
		{B19854D5-491E-76F4-D6EC-6E7BD6302123}.Debug|Any CPU.Build.0 = Debug|Any CPU
		{B19854D5-491E-76F4-D6EC-6E7BD6302123}.Release|Any CPU.ActiveCfg = Release|Any CPU
		{B19854D5-491E-76F4-D6EC-6E7BD6302123}.Release|Any CPU.Build.0 = Release|Any CPU
		{89E2D192-4A35-1B0B-805B-0D277B57A42C}.Debug|Any CPU.ActiveCfg = Debug|Any CPU
		{89E2D192-4A35-1B0B-805B-0D277B57A42C}.Debug|Any CPU.Build.0 = Debug|Any CPU
		{89E2D192-4A35-1B0B-805B-0D277B57A42C}.Release|Any CPU.ActiveCfg = Release|Any CPU
		{89E2D192-4A35-1B0B-805B-0D277B57A42C}.Release|Any CPU.Build.0 = Release|Any CPU
	EndGlobalSection
	GlobalSection(SolutionProperties) = preSolution
		HideSolutionNode = FALSE
	EndGlobalSection
	GlobalSection(ExtensibilityGlobals) = postSolution
		SolutionGuid = {DE2D9321-E221-446C-8FA5-BA54A25AF752}
	EndGlobalSection
EndGlobal
